// !$*UTF8*$!
{
	archiveVersion = 1;
	classes = {
	};
	objectVersion = 55;
	objects = {

/* Begin PBXBuildFile section */
		68D8E23547FD167B7D03F8D7 /* Pods_PetProjectChat.framework in Frameworks */ = {isa = PBXBuildFile; fileRef = 0CAB5BF566B16CC230765B3B /* Pods_PetProjectChat.framework */; };
		F51228BE29C099A30067A7C8 /* ChatService.swift in Sources */ = {isa = PBXBuildFile; fileRef = F51228BD29C099A30067A7C8 /* ChatService.swift */; };
		F51A9F5F29AFDDA000DE65D0 /* ExtendedTableViewCell.swift in Sources */ = {isa = PBXBuildFile; fileRef = F51A9F5E29AFDDA000DE65D0 /* ExtendedTableViewCell.swift */; };
		F51A9F6129AFE62300DE65D0 /* UserLastMessageView.swift in Sources */ = {isa = PBXBuildFile; fileRef = F51A9F6029AFE62300DE65D0 /* UserLastMessageView.swift */; };
		F52D7C0C29B79C9900D84C44 /* FriendsListViewController.swift in Sources */ = {isa = PBXBuildFile; fileRef = F52D7C0B29B79C9900D84C44 /* FriendsListViewController.swift */; };
		F52F52FB29B5921F0077D92A /* CheckField.swift in Sources */ = {isa = PBXBuildFile; fileRef = F52F52FA29B5921F0077D92A /* CheckField.swift */; };
		F52F52FE29B5A49E0077D92A /* AuthService.swift in Sources */ = {isa = PBXBuildFile; fileRef = F52F52FD29B5A49E0077D92A /* AuthService.swift */; };
		F52F530029B5C4970077D92A /* GoogleService-Info.plist in Resources */ = {isa = PBXBuildFile; fileRef = F52F52FF29B5C4970077D92A /* GoogleService-Info.plist */; };
		F52F530329B5C7F40077D92A /* AuthUserEntity.swift in Sources */ = {isa = PBXBuildFile; fileRef = F52F530229B5C7F40077D92A /* AuthUserEntity.swift */; };
		F5395F9A29BB351700496FED /* TempTableViewCell.swift in Sources */ = {isa = PBXBuildFile; fileRef = F5395F9929BB351600496FED /* TempTableViewCell.swift */; };
		F55EC1AF29A900450095B234 /* AppDelegate.swift in Sources */ = {isa = PBXBuildFile; fileRef = F55EC1AE29A900450095B234 /* AppDelegate.swift */; };
		F55EC1B129A900450095B234 /* SceneDelegate.swift in Sources */ = {isa = PBXBuildFile; fileRef = F55EC1B029A900450095B234 /* SceneDelegate.swift */; };
		F55EC1B629A900450095B234 /* Main.storyboard in Resources */ = {isa = PBXBuildFile; fileRef = F55EC1B429A900450095B234 /* Main.storyboard */; };
		F55EC1B829A9004A0095B234 /* Assets.xcassets in Resources */ = {isa = PBXBuildFile; fileRef = F55EC1B729A9004A0095B234 /* Assets.xcassets */; };
		F55EC1BB29A9004A0095B234 /* LaunchScreen.storyboard in Resources */ = {isa = PBXBuildFile; fileRef = F55EC1B929A9004A0095B234 /* LaunchScreen.storyboard */; };
		F55EC1C629A900EA0095B234 /* AuthVC.swift in Sources */ = {isa = PBXBuildFile; fileRef = F55EC1C529A900EA0095B234 /* AuthVC.swift */; };
		F55EC1C829A901200095B234 /* ForgotPasswordVC.swift in Sources */ = {isa = PBXBuildFile; fileRef = F55EC1C729A901200095B234 /* ForgotPasswordVC.swift */; };
		F55EC1CA29A901430095B234 /* ChatsViewController.swift in Sources */ = {isa = PBXBuildFile; fileRef = F55EC1C929A901430095B234 /* ChatsViewController.swift */; };
		F55EC1CF29A903BC0095B234 /* HeaderView.swift in Sources */ = {isa = PBXBuildFile; fileRef = F55EC1CE29A903BC0095B234 /* HeaderView.swift */; };
		F5720A0A29A9FDCF002001C5 /* CustomButton.swift in Sources */ = {isa = PBXBuildFile; fileRef = F5720A0929A9FDCF002001C5 /* CustomButton.swift */; };
		F59E2BAF29B23FBF00BE4C2E /* CertainChatViewController.swift in Sources */ = {isa = PBXBuildFile; fileRef = F59E2BAE29B23FBF00BE4C2E /* CertainChatViewController.swift */; };
		F59E2BB129B240E500BE4C2E /* CustomisedNavigationTitleView.swift in Sources */ = {isa = PBXBuildFile; fileRef = F59E2BB029B240E500BE4C2E /* CustomisedNavigationTitleView.swift */; };
		F59E2BB329B252C800BE4C2E /* UserDelegateProtocol.swift in Sources */ = {isa = PBXBuildFile; fileRef = F59E2BB229B252C800BE4C2E /* UserDelegateProtocol.swift */; };
		F5BF825829B0A5E200EE26A3 /* User.swift in Sources */ = {isa = PBXBuildFile; fileRef = F5BF825729B0A5E200EE26A3 /* User.swift */; };
		F5BF825A29B0A72400EE26A3 /* UserProtocol.swift in Sources */ = {isa = PBXBuildFile; fileRef = F5BF825929B0A72400EE26A3 /* UserProtocol.swift */; };
		F5BF825C29B0A7B500EE26A3 /* UserStorage.swift in Sources */ = {isa = PBXBuildFile; fileRef = F5BF825B29B0A7B500EE26A3 /* UserStorage.swift */; };
		F5C6EA7229A94D4400BED6DB /* CustomTextField.swift in Sources */ = {isa = PBXBuildFile; fileRef = F5C6EA7129A94D4400BED6DB /* CustomTextField.swift */; };
		F5F2D36629AB5EE100F9D7DE /* SignUpVC.swift in Sources */ = {isa = PBXBuildFile; fileRef = F5F2D36529AB5EE100F9D7DE /* SignUpVC.swift */; };
		F5F2D36829AB5FA300F9D7DE /* SignInVC.swift in Sources */ = {isa = PBXBuildFile; fileRef = F5F2D36729AB5FA300F9D7DE /* SignInVC.swift */; };
/* End PBXBuildFile section */

/* Begin PBXFileReference section */
		03675A1A708A9E47AEAB8532 /* Pods-PetProjectChat.release.xcconfig */ = {isa = PBXFileReference; includeInIndex = 1; lastKnownFileType = text.xcconfig; name = "Pods-PetProjectChat.release.xcconfig"; path = "Target Support Files/Pods-PetProjectChat/Pods-PetProjectChat.release.xcconfig"; sourceTree = "<group>"; };
		0CAB5BF566B16CC230765B3B /* Pods_PetProjectChat.framework */ = {isa = PBXFileReference; explicitFileType = wrapper.framework; includeInIndex = 0; path = Pods_PetProjectChat.framework; sourceTree = BUILT_PRODUCTS_DIR; };
		194DBED25EE16AE1AC6F8FB3 /* Pods-PetProjectChat.debug.xcconfig */ = {isa = PBXFileReference; includeInIndex = 1; lastKnownFileType = text.xcconfig; name = "Pods-PetProjectChat.debug.xcconfig"; path = "Target Support Files/Pods-PetProjectChat/Pods-PetProjectChat.debug.xcconfig"; sourceTree = "<group>"; };
		F51228BD29C099A30067A7C8 /* ChatService.swift */ = {isa = PBXFileReference; lastKnownFileType = sourcecode.swift; path = ChatService.swift; sourceTree = "<group>"; };
		F51A9F5E29AFDDA000DE65D0 /* ExtendedTableViewCell.swift */ = {isa = PBXFileReference; lastKnownFileType = sourcecode.swift; path = ExtendedTableViewCell.swift; sourceTree = "<group>"; };
		F51A9F6029AFE62300DE65D0 /* UserLastMessageView.swift */ = {isa = PBXFileReference; lastKnownFileType = sourcecode.swift; path = UserLastMessageView.swift; sourceTree = "<group>"; };
		F52D7C0B29B79C9900D84C44 /* FriendsListViewController.swift */ = {isa = PBXFileReference; lastKnownFileType = sourcecode.swift; path = FriendsListViewController.swift; sourceTree = "<group>"; };
		F52F52FA29B5921F0077D92A /* CheckField.swift */ = {isa = PBXFileReference; fileEncoding = 4; lastKnownFileType = sourcecode.swift; path = CheckField.swift; sourceTree = "<group>"; };
		F52F52FD29B5A49E0077D92A /* AuthService.swift */ = {isa = PBXFileReference; lastKnownFileType = sourcecode.swift; path = AuthService.swift; sourceTree = "<group>"; };
		F52F52FF29B5C4970077D92A /* GoogleService-Info.plist */ = {isa = PBXFileReference; fileEncoding = 4; lastKnownFileType = text.plist.xml; path = "GoogleService-Info.plist"; sourceTree = "<group>"; };
		F52F530229B5C7F40077D92A /* AuthUserEntity.swift */ = {isa = PBXFileReference; lastKnownFileType = sourcecode.swift; path = AuthUserEntity.swift; sourceTree = "<group>"; };
		F5395F9929BB351600496FED /* TempTableViewCell.swift */ = {isa = PBXFileReference; lastKnownFileType = sourcecode.swift; path = TempTableViewCell.swift; sourceTree = "<group>"; };
		F55EC1AB29A900450095B234 /* PetProjectChat.app */ = {isa = PBXFileReference; explicitFileType = wrapper.application; includeInIndex = 0; path = PetProjectChat.app; sourceTree = BUILT_PRODUCTS_DIR; };
		F55EC1AE29A900450095B234 /* AppDelegate.swift */ = {isa = PBXFileReference; lastKnownFileType = sourcecode.swift; path = AppDelegate.swift; sourceTree = "<group>"; };
		F55EC1B029A900450095B234 /* SceneDelegate.swift */ = {isa = PBXFileReference; lastKnownFileType = sourcecode.swift; path = SceneDelegate.swift; sourceTree = "<group>"; };
		F55EC1B529A900450095B234 /* Base */ = {isa = PBXFileReference; lastKnownFileType = file.storyboard; name = Base; path = Base.lproj/Main.storyboard; sourceTree = "<group>"; };
		F55EC1B729A9004A0095B234 /* Assets.xcassets */ = {isa = PBXFileReference; lastKnownFileType = folder.assetcatalog; path = Assets.xcassets; sourceTree = "<group>"; };
		F55EC1BA29A9004A0095B234 /* Base */ = {isa = PBXFileReference; lastKnownFileType = file.storyboard; name = Base; path = Base.lproj/LaunchScreen.storyboard; sourceTree = "<group>"; };
		F55EC1BC29A9004A0095B234 /* Info.plist */ = {isa = PBXFileReference; lastKnownFileType = text.plist.xml; path = Info.plist; sourceTree = "<group>"; };
		F55EC1C529A900EA0095B234 /* AuthVC.swift */ = {isa = PBXFileReference; lastKnownFileType = sourcecode.swift; path = AuthVC.swift; sourceTree = "<group>"; };
		F55EC1C729A901200095B234 /* ForgotPasswordVC.swift */ = {isa = PBXFileReference; lastKnownFileType = sourcecode.swift; path = ForgotPasswordVC.swift; sourceTree = "<group>"; };
		F55EC1C929A901430095B234 /* ChatsViewController.swift */ = {isa = PBXFileReference; lastKnownFileType = sourcecode.swift; path = ChatsViewController.swift; sourceTree = "<group>"; };
		F55EC1CE29A903BC0095B234 /* HeaderView.swift */ = {isa = PBXFileReference; lastKnownFileType = sourcecode.swift; path = HeaderView.swift; sourceTree = "<group>"; };
		F5720A0929A9FDCF002001C5 /* CustomButton.swift */ = {isa = PBXFileReference; lastKnownFileType = sourcecode.swift; path = CustomButton.swift; sourceTree = "<group>"; };
		F59E2BAE29B23FBF00BE4C2E /* CertainChatViewController.swift */ = {isa = PBXFileReference; lastKnownFileType = sourcecode.swift; path = CertainChatViewController.swift; sourceTree = "<group>"; };
		F59E2BB029B240E500BE4C2E /* CustomisedNavigationTitleView.swift */ = {isa = PBXFileReference; lastKnownFileType = sourcecode.swift; path = CustomisedNavigationTitleView.swift; sourceTree = "<group>"; };
		F59E2BB229B252C800BE4C2E /* UserDelegateProtocol.swift */ = {isa = PBXFileReference; lastKnownFileType = sourcecode.swift; path = UserDelegateProtocol.swift; sourceTree = "<group>"; };
		F5BF825729B0A5E200EE26A3 /* User.swift */ = {isa = PBXFileReference; lastKnownFileType = sourcecode.swift; path = User.swift; sourceTree = "<group>"; };
		F5BF825929B0A72400EE26A3 /* UserProtocol.swift */ = {isa = PBXFileReference; lastKnownFileType = sourcecode.swift; path = UserProtocol.swift; sourceTree = "<group>"; };
		F5BF825B29B0A7B500EE26A3 /* UserStorage.swift */ = {isa = PBXFileReference; lastKnownFileType = sourcecode.swift; path = UserStorage.swift; sourceTree = "<group>"; };
		F5C6EA7129A94D4400BED6DB /* CustomTextField.swift */ = {isa = PBXFileReference; lastKnownFileType = sourcecode.swift; path = CustomTextField.swift; sourceTree = "<group>"; };
		F5F2D36529AB5EE100F9D7DE /* SignUpVC.swift */ = {isa = PBXFileReference; lastKnownFileType = sourcecode.swift; path = SignUpVC.swift; sourceTree = "<group>"; };
		F5F2D36729AB5FA300F9D7DE /* SignInVC.swift */ = {isa = PBXFileReference; lastKnownFileType = sourcecode.swift; path = SignInVC.swift; sourceTree = "<group>"; };
/* End PBXFileReference section */

/* Begin PBXFrameworksBuildPhase section */
		F55EC1A829A900450095B234 /* Frameworks */ = {
			isa = PBXFrameworksBuildPhase;
			buildActionMask = 2147483647;
			files = (
				68D8E23547FD167B7D03F8D7 /* Pods_PetProjectChat.framework in Frameworks */,
			);
			runOnlyForDeploymentPostprocessing = 0;
		};
/* End PBXFrameworksBuildPhase section */

/* Begin PBXGroup section */
		A2EABB725794486F2F4DEA1D /* Frameworks */ = {
			isa = PBXGroup;
			children = (
				0CAB5BF566B16CC230765B3B /* Pods_PetProjectChat.framework */,
			);
			name = Frameworks;
			sourceTree = "<group>";
		};
		A88841851E46D9BF192A5E79 /* Pods */ = {
			isa = PBXGroup;
			children = (
				194DBED25EE16AE1AC6F8FB3 /* Pods-PetProjectChat.debug.xcconfig */,
				03675A1A708A9E47AEAB8532 /* Pods-PetProjectChat.release.xcconfig */,
			);
			path = Pods;
			sourceTree = "<group>";
		};
		F51A9F5D29AFDA4700DE65D0 /* Supporting Files */ = {
			isa = PBXGroup;
			children = (
				F55EC1AE29A900450095B234 /* AppDelegate.swift */,
				F55EC1B029A900450095B234 /* SceneDelegate.swift */,
				F55EC1B429A900450095B234 /* Main.storyboard */,
				F55EC1B729A9004A0095B234 /* Assets.xcassets */,
				F55EC1B929A9004A0095B234 /* LaunchScreen.storyboard */,
			);
			path = "Supporting Files";
			sourceTree = "<group>";
		};
		F52F52FC29B5A4460077D92A /* AuthModel */ = {
			isa = PBXGroup;
			children = (
				F52F52FA29B5921F0077D92A /* CheckField.swift */,
				F52F52FD29B5A49E0077D92A /* AuthService.swift */,
				F52F530229B5C7F40077D92A /* AuthUserEntity.swift */,
			);
			path = AuthModel;
			sourceTree = "<group>";
		};
		F55EC1A229A900450095B234 = {
			isa = PBXGroup;
			children = (
				F55EC1AD29A900450095B234 /* PetProjectChat */,
				F55EC1AC29A900450095B234 /* Products */,
				A88841851E46D9BF192A5E79 /* Pods */,
				A2EABB725794486F2F4DEA1D /* Frameworks */,
			);
			sourceTree = "<group>";
		};
		F55EC1AC29A900450095B234 /* Products */ = {
			isa = PBXGroup;
			children = (
				F55EC1AB29A900450095B234 /* PetProjectChat.app */,
			);
			name = Products;
			sourceTree = "<group>";
		};
		F55EC1AD29A900450095B234 /* PetProjectChat */ = {
			isa = PBXGroup;
			children = (
				F59E2BAD29B23F8A00BE4C2E /* DialogScene */,
				F51A9F5D29AFDA4700DE65D0 /* Supporting Files */,
				F55EC1C229A900780095B234 /* AuthScene */,
				F55EC1BC29A9004A0095B234 /* Info.plist */,
				F52F52FF29B5C4970077D92A /* GoogleService-Info.plist */,
				F59E2BA929B2289C00BE4C2E /* MainSceneWithChats */,
				F52D7C0B29B79C9900D84C44 /* FriendsListViewController.swift */,
				F5395F9929BB351600496FED /* TempTableViewCell.swift */,
			);
			path = PetProjectChat;
			sourceTree = "<group>";
		};
		F55EC1C229A900780095B234 /* AuthScene */ = {
			isa = PBXGroup;
			children = (
				F52F52FC29B5A4460077D92A /* AuthModel */,
				F55EC1CD29A903590095B234 /* AuthViews */,
				F5F2D36929AB900100F9D7DE /* AuthControllers */,
			);
			path = AuthScene;
			sourceTree = "<group>";
		};
		F55EC1CD29A903590095B234 /* AuthViews */ = {
			isa = PBXGroup;
			children = (
				F55EC1CE29A903BC0095B234 /* HeaderView.swift */,
				F5C6EA7129A94D4400BED6DB /* CustomTextField.swift */,
				F5720A0929A9FDCF002001C5 /* CustomButton.swift */,
			);
			path = AuthViews;
			sourceTree = "<group>";
		};
		F59E2BA929B2289C00BE4C2E /* MainSceneWithChats */ = {
			isa = PBXGroup;
			children = (
				F59E2BAC29B2298300BE4C2E /* Views */,
				F59E2BAB29B2295E00BE4C2E /* Model */,
				F59E2BAA29B2294300BE4C2E /* Controller */,
			);
			path = MainSceneWithChats;
			sourceTree = "<group>";
		};
		F59E2BAA29B2294300BE4C2E /* Controller */ = {
			isa = PBXGroup;
			children = (
				F55EC1C929A901430095B234 /* ChatsViewController.swift */,
			);
			path = Controller;
			sourceTree = "<group>";
		};
		F59E2BAB29B2295E00BE4C2E /* Model */ = {
			isa = PBXGroup;
			children = (
				F5BF825B29B0A7B500EE26A3 /* UserStorage.swift */,
				F5BF825929B0A72400EE26A3 /* UserProtocol.swift */,
				F5BF825729B0A5E200EE26A3 /* User.swift */,
			);
			path = Model;
			sourceTree = "<group>";
		};
		F59E2BAC29B2298300BE4C2E /* Views */ = {
			isa = PBXGroup;
			children = (
				F51A9F5E29AFDDA000DE65D0 /* ExtendedTableViewCell.swift */,
				F51A9F6029AFE62300DE65D0 /* UserLastMessageView.swift */,
			);
			path = Views;
			sourceTree = "<group>";
		};
		F59E2BAD29B23F8A00BE4C2E /* DialogScene */ = {
			isa = PBXGroup;
			children = (
				F59E2BAE29B23FBF00BE4C2E /* CertainChatViewController.swift */,
				F59E2BB029B240E500BE4C2E /* CustomisedNavigationTitleView.swift */,
				F59E2BB229B252C800BE4C2E /* UserDelegateProtocol.swift */,
				F51228BD29C099A30067A7C8 /* ChatService.swift */,
			);
			path = DialogScene;
			sourceTree = "<group>";
		};
		F5F2D36929AB900100F9D7DE /* AuthControllers */ = {
			isa = PBXGroup;
			children = (
				F55EC1C529A900EA0095B234 /* AuthVC.swift */,
				F5F2D36529AB5EE100F9D7DE /* SignUpVC.swift */,
				F5F2D36729AB5FA300F9D7DE /* SignInVC.swift */,
				F55EC1C729A901200095B234 /* ForgotPasswordVC.swift */,
			);
			path = AuthControllers;
			sourceTree = "<group>";
		};
/* End PBXGroup section */

/* Begin PBXNativeTarget section */
		F55EC1AA29A900450095B234 /* PetProjectChat */ = {
			isa = PBXNativeTarget;
			buildConfigurationList = F55EC1BF29A9004A0095B234 /* Build configuration list for PBXNativeTarget "PetProjectChat" */;
			buildPhases = (
				E9FD994071567F6287691C7B /* [CP] Check Pods Manifest.lock */,
				F55EC1A729A900450095B234 /* Sources */,
				F55EC1A829A900450095B234 /* Frameworks */,
				F55EC1A929A900450095B234 /* Resources */,
				8E1616AFB1802C7511E7FB10 /* [CP] Embed Pods Frameworks */,
			);
			buildRules = (
			);
			dependencies = (
			);
			name = PetProjectChat;
			productName = PetProjectChat;
			productReference = F55EC1AB29A900450095B234 /* PetProjectChat.app */;
			productType = "com.apple.product-type.application";
		};
/* End PBXNativeTarget section */

/* Begin PBXProject section */
		F55EC1A329A900450095B234 /* Project object */ = {
			isa = PBXProject;
			attributes = {
				BuildIndependentTargetsInParallel = 1;
				LastSwiftUpdateCheck = 1320;
				LastUpgradeCheck = 1320;
				TargetAttributes = {
					F55EC1AA29A900450095B234 = {
						CreatedOnToolsVersion = 13.2.1;
					};
				};
			};
			buildConfigurationList = F55EC1A629A900450095B234 /* Build configuration list for PBXProject "PetProjectChat" */;
			compatibilityVersion = "Xcode 13.0";
			developmentRegion = en;
			hasScannedForEncodings = 0;
			knownRegions = (
				en,
				Base,
			);
			mainGroup = F55EC1A229A900450095B234;
			productRefGroup = F55EC1AC29A900450095B234 /* Products */;
			projectDirPath = "";
			projectRoot = "";
			targets = (
				F55EC1AA29A900450095B234 /* PetProjectChat */,
			);
		};
/* End PBXProject section */

/* Begin PBXResourcesBuildPhase section */
		F55EC1A929A900450095B234 /* Resources */ = {
			isa = PBXResourcesBuildPhase;
			buildActionMask = 2147483647;
			files = (
				F55EC1BB29A9004A0095B234 /* LaunchScreen.storyboard in Resources */,
				F55EC1B829A9004A0095B234 /* Assets.xcassets in Resources */,
				F52F530029B5C4970077D92A /* GoogleService-Info.plist in Resources */,
				F55EC1B629A900450095B234 /* Main.storyboard in Resources */,
			);
			runOnlyForDeploymentPostprocessing = 0;
		};
/* End PBXResourcesBuildPhase section */

/* Begin PBXShellScriptBuildPhase section */
		8E1616AFB1802C7511E7FB10 /* [CP] Embed Pods Frameworks */ = {
			isa = PBXShellScriptBuildPhase;
			buildActionMask = 2147483647;
			files = (
			);
			inputFileListPaths = (
				"${PODS_ROOT}/Target Support Files/Pods-PetProjectChat/Pods-PetProjectChat-frameworks-${CONFIGURATION}-input-files.xcfilelist",
			);
			name = "[CP] Embed Pods Frameworks";
			outputFileListPaths = (
				"${PODS_ROOT}/Target Support Files/Pods-PetProjectChat/Pods-PetProjectChat-frameworks-${CONFIGURATION}-output-files.xcfilelist",
			);
			runOnlyForDeploymentPostprocessing = 0;
			shellPath = /bin/sh;
			shellScript = "\"${PODS_ROOT}/Target Support Files/Pods-PetProjectChat/Pods-PetProjectChat-frameworks.sh\"\n";
			showEnvVarsInLog = 0;
		};
		E9FD994071567F6287691C7B /* [CP] Check Pods Manifest.lock */ = {
			isa = PBXShellScriptBuildPhase;
			buildActionMask = 2147483647;
			files = (
			);
			inputFileListPaths = (
			);
			inputPaths = (
				"${PODS_PODFILE_DIR_PATH}/Podfile.lock",
				"${PODS_ROOT}/Manifest.lock",
			);
			name = "[CP] Check Pods Manifest.lock";
			outputFileListPaths = (
			);
			outputPaths = (
				"$(DERIVED_FILE_DIR)/Pods-PetProjectChat-checkManifestLockResult.txt",
			);
			runOnlyForDeploymentPostprocessing = 0;
			shellPath = /bin/sh;
			shellScript = "diff \"${PODS_PODFILE_DIR_PATH}/Podfile.lock\" \"${PODS_ROOT}/Manifest.lock\" > /dev/null\nif [ $? != 0 ] ; then\n    # print error to STDERR\n    echo \"error: The sandbox is not in sync with the Podfile.lock. Run 'pod install' or update your CocoaPods installation.\" >&2\n    exit 1\nfi\n# This output is used by Xcode 'outputs' to avoid re-running this script phase.\necho \"SUCCESS\" > \"${SCRIPT_OUTPUT_FILE_0}\"\n";
			showEnvVarsInLog = 0;
		};
/* End PBXShellScriptBuildPhase section */

/* Begin PBXSourcesBuildPhase section */
		F55EC1A729A900450095B234 /* Sources */ = {
			isa = PBXSourcesBuildPhase;
			buildActionMask = 2147483647;
			files = (
				F5BF825829B0A5E200EE26A3 /* User.swift in Sources */,
				F55EC1C829A901200095B234 /* ForgotPasswordVC.swift in Sources */,
				F5395F9A29BB351700496FED /* TempTableViewCell.swift in Sources */,
				F55EC1C629A900EA0095B234 /* AuthVC.swift in Sources */,
				F59E2BB129B240E500BE4C2E /* CustomisedNavigationTitleView.swift in Sources */,
				F51228BE29C099A30067A7C8 /* ChatService.swift in Sources */,
				F5720A0A29A9FDCF002001C5 /* CustomButton.swift in Sources */,
				F59E2BAF29B23FBF00BE4C2E /* CertainChatViewController.swift in Sources */,
				F55EC1AF29A900450095B234 /* AppDelegate.swift in Sources */,
				F52F52FE29B5A49E0077D92A /* AuthService.swift in Sources */,
				F5C6EA7229A94D4400BED6DB /* CustomTextField.swift in Sources */,
				F5BF825A29B0A72400EE26A3 /* UserProtocol.swift in Sources */,
				F5F2D36829AB5FA300F9D7DE /* SignInVC.swift in Sources */,
				F55EC1B129A900450095B234 /* SceneDelegate.swift in Sources */,
				F51A9F6129AFE62300DE65D0 /* UserLastMessageView.swift in Sources */,
				F52F52FB29B5921F0077D92A /* CheckField.swift in Sources */,
				F52D7C0C29B79C9900D84C44 /* FriendsListViewController.swift in Sources */,
				F55EC1CA29A901430095B234 /* ChatsViewController.swift in Sources */,
				F55EC1CF29A903BC0095B234 /* HeaderView.swift in Sources */,
				F51A9F5F29AFDDA000DE65D0 /* ExtendedTableViewCell.swift in Sources */,
				F52F530329B5C7F40077D92A /* AuthUserEntity.swift in Sources */,
				F5F2D36629AB5EE100F9D7DE /* SignUpVC.swift in Sources */,
				F5BF825C29B0A7B500EE26A3 /* UserStorage.swift in Sources */,
				F59E2BB329B252C800BE4C2E /* UserDelegateProtocol.swift in Sources */,
			);
			runOnlyForDeploymentPostprocessing = 0;
		};
/* End PBXSourcesBuildPhase section */

/* Begin PBXVariantGroup section */
		F55EC1B429A900450095B234 /* Main.storyboard */ = {
			isa = PBXVariantGroup;
			children = (
				F55EC1B529A900450095B234 /* Base */,
			);
			name = Main.storyboard;
			sourceTree = "<group>";
		};
		F55EC1B929A9004A0095B234 /* LaunchScreen.storyboard */ = {
			isa = PBXVariantGroup;
			children = (
				F55EC1BA29A9004A0095B234 /* Base */,
			);
			name = LaunchScreen.storyboard;
			sourceTree = "<group>";
		};
/* End PBXVariantGroup section */

/* Begin XCBuildConfiguration section */
		F55EC1BD29A9004A0095B234 /* Debug */ = {
			isa = XCBuildConfiguration;
			buildSettings = {
				ALWAYS_SEARCH_USER_PATHS = NO;
				CLANG_ANALYZER_NONNULL = YES;
				CLANG_ANALYZER_NUMBER_OBJECT_CONVERSION = YES_AGGRESSIVE;
				CLANG_CXX_LANGUAGE_STANDARD = "gnu++17";
				CLANG_CXX_LIBRARY = "libc++";
				CLANG_ENABLE_MODULES = YES;
				CLANG_ENABLE_OBJC_ARC = YES;
				CLANG_ENABLE_OBJC_WEAK = YES;
				CLANG_WARN_BLOCK_CAPTURE_AUTORELEASING = YES;
				CLANG_WARN_BOOL_CONVERSION = YES;
				CLANG_WARN_COMMA = YES;
				CLANG_WARN_CONSTANT_CONVERSION = YES;
				CLANG_WARN_DEPRECATED_OBJC_IMPLEMENTATIONS = YES;
				CLANG_WARN_DIRECT_OBJC_ISA_USAGE = YES_ERROR;
				CLANG_WARN_DOCUMENTATION_COMMENTS = YES;
				CLANG_WARN_EMPTY_BODY = YES;
				CLANG_WARN_ENUM_CONVERSION = YES;
				CLANG_WARN_INFINITE_RECURSION = YES;
				CLANG_WARN_INT_CONVERSION = YES;
				CLANG_WARN_NON_LITERAL_NULL_CONVERSION = YES;
				CLANG_WARN_OBJC_IMPLICIT_RETAIN_SELF = YES;
				CLANG_WARN_OBJC_LITERAL_CONVERSION = YES;
				CLANG_WARN_OBJC_ROOT_CLASS = YES_ERROR;
				CLANG_WARN_QUOTED_INCLUDE_IN_FRAMEWORK_HEADER = YES;
				CLANG_WARN_RANGE_LOOP_ANALYSIS = YES;
				CLANG_WARN_STRICT_PROTOTYPES = YES;
				CLANG_WARN_SUSPICIOUS_MOVE = YES;
				CLANG_WARN_UNGUARDED_AVAILABILITY = YES_AGGRESSIVE;
				CLANG_WARN_UNREACHABLE_CODE = YES;
				CLANG_WARN__DUPLICATE_METHOD_MATCH = YES;
				COPY_PHASE_STRIP = NO;
				DEBUG_INFORMATION_FORMAT = dwarf;
				ENABLE_STRICT_OBJC_MSGSEND = YES;
				ENABLE_TESTABILITY = YES;
				GCC_C_LANGUAGE_STANDARD = gnu11;
				GCC_DYNAMIC_NO_PIC = NO;
				GCC_NO_COMMON_BLOCKS = YES;
				GCC_OPTIMIZATION_LEVEL = 0;
				GCC_PREPROCESSOR_DEFINITIONS = (
					"DEBUG=1",
					"$(inherited)",
				);
				GCC_WARN_64_TO_32_BIT_CONVERSION = YES;
				GCC_WARN_ABOUT_RETURN_TYPE = YES_ERROR;
				GCC_WARN_UNDECLARED_SELECTOR = YES;
				GCC_WARN_UNINITIALIZED_AUTOS = YES_AGGRESSIVE;
				GCC_WARN_UNUSED_FUNCTION = YES;
				GCC_WARN_UNUSED_VARIABLE = YES;
				IPHONEOS_DEPLOYMENT_TARGET = 15.2;
				MTL_ENABLE_DEBUG_INFO = INCLUDE_SOURCE;
				MTL_FAST_MATH = YES;
				ONLY_ACTIVE_ARCH = YES;
				SDKROOT = iphoneos;
				SWIFT_ACTIVE_COMPILATION_CONDITIONS = DEBUG;
				SWIFT_OPTIMIZATION_LEVEL = "-Onone";
			};
			name = Debug;
		};
		F55EC1BE29A9004A0095B234 /* Release */ = {
			isa = XCBuildConfiguration;
			buildSettings = {
				ALWAYS_SEARCH_USER_PATHS = NO;
				CLANG_ANALYZER_NONNULL = YES;
				CLANG_ANALYZER_NUMBER_OBJECT_CONVERSION = YES_AGGRESSIVE;
				CLANG_CXX_LANGUAGE_STANDARD = "gnu++17";
				CLANG_CXX_LIBRARY = "libc++";
				CLANG_ENABLE_MODULES = YES;
				CLANG_ENABLE_OBJC_ARC = YES;
				CLANG_ENABLE_OBJC_WEAK = YES;
				CLANG_WARN_BLOCK_CAPTURE_AUTORELEASING = YES;
				CLANG_WARN_BOOL_CONVERSION = YES;
				CLANG_WARN_COMMA = YES;
				CLANG_WARN_CONSTANT_CONVERSION = YES;
				CLANG_WARN_DEPRECATED_OBJC_IMPLEMENTATIONS = YES;
				CLANG_WARN_DIRECT_OBJC_ISA_USAGE = YES_ERROR;
				CLANG_WARN_DOCUMENTATION_COMMENTS = YES;
				CLANG_WARN_EMPTY_BODY = YES;
				CLANG_WARN_ENUM_CONVERSION = YES;
				CLANG_WARN_INFINITE_RECURSION = YES;
				CLANG_WARN_INT_CONVERSION = YES;
				CLANG_WARN_NON_LITERAL_NULL_CONVERSION = YES;
				CLANG_WARN_OBJC_IMPLICIT_RETAIN_SELF = YES;
				CLANG_WARN_OBJC_LITERAL_CONVERSION = YES;
				CLANG_WARN_OBJC_ROOT_CLASS = YES_ERROR;
				CLANG_WARN_QUOTED_INCLUDE_IN_FRAMEWORK_HEADER = YES;
				CLANG_WARN_RANGE_LOOP_ANALYSIS = YES;
				CLANG_WARN_STRICT_PROTOTYPES = YES;
				CLANG_WARN_SUSPICIOUS_MOVE = YES;
				CLANG_WARN_UNGUARDED_AVAILABILITY = YES_AGGRESSIVE;
				CLANG_WARN_UNREACHABLE_CODE = YES;
				CLANG_WARN__DUPLICATE_METHOD_MATCH = YES;
				COPY_PHASE_STRIP = NO;
				DEBUG_INFORMATION_FORMAT = "dwarf-with-dsym";
				ENABLE_NS_ASSERTIONS = NO;
				ENABLE_STRICT_OBJC_MSGSEND = YES;
				GCC_C_LANGUAGE_STANDARD = gnu11;
				GCC_NO_COMMON_BLOCKS = YES;
				GCC_WARN_64_TO_32_BIT_CONVERSION = YES;
				GCC_WARN_ABOUT_RETURN_TYPE = YES_ERROR;
				GCC_WARN_UNDECLARED_SELECTOR = YES;
				GCC_WARN_UNINITIALIZED_AUTOS = YES_AGGRESSIVE;
				GCC_WARN_UNUSED_FUNCTION = YES;
				GCC_WARN_UNUSED_VARIABLE = YES;
				IPHONEOS_DEPLOYMENT_TARGET = 15.2;
				MTL_ENABLE_DEBUG_INFO = NO;
				MTL_FAST_MATH = YES;
				SDKROOT = iphoneos;
				SWIFT_COMPILATION_MODE = wholemodule;
				SWIFT_OPTIMIZATION_LEVEL = "-O";
				VALIDATE_PRODUCT = YES;
			};
			name = Release;
		};
		F55EC1C029A9004A0095B234 /* Debug */ = {
			isa = XCBuildConfiguration;
			baseConfigurationReference = 194DBED25EE16AE1AC6F8FB3 /* Pods-PetProjectChat.debug.xcconfig */;
			buildSettings = {
				ASSETCATALOG_COMPILER_APPICON_NAME = AppIcon;
				ASSETCATALOG_COMPILER_GLOBAL_ACCENT_COLOR_NAME = AccentColor;
				CODE_SIGN_STYLE = Automatic;
				CURRENT_PROJECT_VERSION = 1;
				GENERATE_INFOPLIST_FILE = YES;
				INFOPLIST_FILE = PetProjectChat/Info.plist;
				INFOPLIST_KEY_UIApplicationSupportsIndirectInputEvents = YES;
				INFOPLIST_KEY_UILaunchStoryboardName = LaunchScreen;
				INFOPLIST_KEY_UIMainStoryboardFile = Main;
				INFOPLIST_KEY_UISupportedInterfaceOrientations_iPad = "UIInterfaceOrientationPortrait UIInterfaceOrientationPortraitUpsideDown UIInterfaceOrientationLandscapeLeft UIInterfaceOrientationLandscapeRight";
				INFOPLIST_KEY_UISupportedInterfaceOrientations_iPhone = "UIInterfaceOrientationPortrait UIInterfaceOrientationLandscapeLeft UIInterfaceOrientationLandscapeRight";
				LD_RUNPATH_SEARCH_PATHS = (
					"$(inherited)",
					"@executable_path/Frameworks",
				);
				MARKETING_VERSION = 1.0;
				PRODUCT_BUNDLE_IDENTIFIER = qwe.PetProjectChat;
				PRODUCT_NAME = "$(TARGET_NAME)";
				SWIFT_EMIT_LOC_STRINGS = YES;
				SWIFT_VERSION = 5.0;
				TARGETED_DEVICE_FAMILY = "1,2";
			};
			name = Debug;
		};
		F55EC1C129A9004A0095B234 /* Release */ = {
			isa = XCBuildConfiguration;
			baseConfigurationReference = 03675A1A708A9E47AEAB8532 /* Pods-PetProjectChat.release.xcconfig */;
			buildSettings = {
				ASSETCATALOG_COMPILER_APPICON_NAME = AppIcon;
				ASSETCATALOG_COMPILER_GLOBAL_ACCENT_COLOR_NAME = AccentColor;
				CODE_SIGN_STYLE = Automatic;
				CURRENT_PROJECT_VERSION = 1;
				GENERATE_INFOPLIST_FILE = YES;
				INFOPLIST_FILE = PetProjectChat/Info.plist;
				INFOPLIST_KEY_UIApplicationSupportsIndirectInputEvents = YES;
				INFOPLIST_KEY_UILaunchStoryboardName = LaunchScreen;
				INFOPLIST_KEY_UIMainStoryboardFile = Main;
				INFOPLIST_KEY_UISupportedInterfaceOrientations_iPad = "UIInterfaceOrientationPortrait UIInterfaceOrientationPortraitUpsideDown UIInterfaceOrientationLandscapeLeft UIInterfaceOrientationLandscapeRight";
				INFOPLIST_KEY_UISupportedInterfaceOrientations_iPhone = "UIInterfaceOrientationPortrait UIInterfaceOrientationLandscapeLeft UIInterfaceOrientationLandscapeRight";
				LD_RUNPATH_SEARCH_PATHS = (
					"$(inherited)",
					"@executable_path/Frameworks",
				);
				MARKETING_VERSION = 1.0;
				PRODUCT_BUNDLE_IDENTIFIER = qwe.PetProjectChat;
				PRODUCT_NAME = "$(TARGET_NAME)";
				SWIFT_EMIT_LOC_STRINGS = YES;
				SWIFT_VERSION = 5.0;
				TARGETED_DEVICE_FAMILY = "1,2";
			};
			name = Release;
		};
/* End XCBuildConfiguration section */

/* Begin XCConfigurationList section */
		F55EC1A629A900450095B234 /* Build configuration list for PBXProject "PetProjectChat" */ = {
			isa = XCConfigurationList;
			buildConfigurations = (
				F55EC1BD29A9004A0095B234 /* Debug */,
				F55EC1BE29A9004A0095B234 /* Release */,
			);
			defaultConfigurationIsVisible = 0;
			defaultConfigurationName = Release;
		};
		F55EC1BF29A9004A0095B234 /* Build configuration list for PBXNativeTarget "PetProjectChat" */ = {
			isa = XCConfigurationList;
			buildConfigurations = (
				F55EC1C029A9004A0095B234 /* Debug */,
				F55EC1C129A9004A0095B234 /* Release */,
			);
			defaultConfigurationIsVisible = 0;
			defaultConfigurationName = Release;
		};
/* End XCConfigurationList section */
	};
	rootObject = F55EC1A329A900450095B234 /* Project object */;
}
